
Microsoft Visual Studio Solution File, Format Version 12.00
# Visual Studio Version 17
VisualStudioVersion = 17.9.34622.214
MinimumVisualStudioVersion = 10.0.40219.1
Project("{FAE04EC0-301F-11D3-BF4B-00C04F79EFBC}") = "FileDB", "FileDB\FileDB.csproj", "{3A1B2B69-E231-4005-86B9-1E3EEB462E7B}"
EndProject
Global
	GlobalSection(SolutionConfigurationPlatforms) = preSolution
		Debug|Any CPU = Debug|Any CPU
		Release|Any CPU = Release|Any CPU
	EndGlobalSection
	GlobalSection(ProjectConfigurationPlatforms) = postSolution
		{3A1B2B69-E231-4005-86B9-1E3EEB462E7B}.Debug|Any CPU.ActiveCfg = Debug|Any CPU
		{3A1B2B69-E231-4005-86B9-1E3EEB462E7B}.Debug|Any CPU.Build.0 = Debug|Any CPU
		{3A1B2B69-E231-4005-86B9-1E3EEB462E7B}.Release|Any CPU.ActiveCfg = Release|Any CPU
		{3A1B2B69-E231-4005-86B9-1E3EEB462E7B}.Release|Any CPU.Build.0 = Release|Any CPU
	EndGlobalSection
	GlobalSection(SolutionProperties) = preSolution
		HideSolutionNode = FALSE
	EndGlobalSection
	GlobalSection(ExtensibilityGlobals) = postSolution
		SolutionGuid = {E6FD2595-C900-4745-83D2-B1C52C8F1126}
	EndGlobalSection
EndGlobal
